github.com/davecgh/go-spew v1.1.0/go.mod h1:J7Y8YcW2NihsgmVo/mv3lAwl/skON4iLHjSsI+c5H38=
github.com/davecgh/go-spew v1.1.1/go.mod h1:J7Y8YcW2NihsgmVo/mv3lAwl/skON4iLHjSsI+c5H38=
github.com/julvo/htmlgo v0.0.0-20190619122912-0632e6daa74d h1:cTIUqqYIOHj5arLwghZj/s7Ex0VhHPImj+GViCte0+c=
github.com/julvo/htmlgo v0.0.0-20190619122912-0632e6daa74d/go.mod h1:f5wqRw/RwEJzFySs6NLtx36takLZu2zsDXh8bEClsQY=
github.com/klauspost/compress v1.4.0/go.mod h1:RyIbtBH6LamlWaDj8nUwkbUhJ87Yi3uG0guNDohfE1A=
github.com/klauspost/compress v1.4.1/go.mod h1:RyIbtBH6LamlWaDj8nUwkbUhJ87Yi3uG0guNDohfE1A=
github.com/klauspost/cpuid v0.0.0-20180405133222-e7e905edc00e/go.mod h1:Pj4uuM528wm8OyEC2QMXAi2YiTZ96dNQPGgoMS4s3ek=
github.com/klauspost/cpuid v1.2.0/go.mod h1:Pj4uuM528wm8OyEC2QMXAi2YiTZ96dNQPGgoMS4s3ek=
github.com/pkg/errors v0.8.1 h1:iURUrRGxPUNPdy5/HRSm+Yj6okJ6UtLINN0Q9M4+h3I=
github.com/pkg/errors v0.8.1/go.mod h1:bwawxfHBFNV+L2hUp1rHADufV3IMtnDRdf1r5NINEl0=
github.com/pkg/errors v0.9.1 h1:FEBLx1zS214owpjy7qsBeixbURkuhQAwrK5UwLGTwt4=
github.com/pkg/errors v0.9.1/go.mod h1:bwawxfHBFNV+L2hUp1rHADufV3IMtnDRdf1r5NINEl0=
github.com/pmezard/go-difflib v1.0.0/go.mod h1:iKH77koFhYxTK1pcRnkKkqfTogsbg7gZNVY4sRDYZ/4=
github.com/rakyll/statik v0.1.7 h1:OF3QCZUuyPxuGEP7B4ypUa7sB/iHtqOTDYZXGM8KOdQ=
github.com/rakyll/statik v0.1.7/go.mod h1:AlZONWzMtEnMs7W4e/1LURLiI49pIMmp6V9Unghqrcc=
github.com/remyoudompheng/bigfft v0.0.0-20190512091148-babf20351dd7/go.mod h1:qqbHyh8v60DhA7CoWK5oRCqLrMHRGoxYCSS9EjAz6Eo=
github.com/remyoudompheng/bigfft v0.0.0-20200410134404-eec4a21b6bb0/go.mod h1:qqbHyh8v60DhA7CoWK5oRCqLrMHRGoxYCSS9EjAz6Eo=
github.com/stoewer/go-strcase v1.0.2/go.mod h1:eLfe5bL3qbL7ep/KafHzthxejrOF5J3xmt03uL5tzek=
github.com/stoewer/go-strcase v1.2.0/go.mod h1:IBiWB2sKIp3wVVQ3Y035++gc+knqhUQag1KpM8ahLw8=
github.com/stretchr/objx v0.1.0/go.mod h1:HFkY916IF+rwdDfMAkV7OtwuqBVzrE8GR6GFx+wExME=
github.com/stretchr/testify v1.2.2/go.mod h1:a8OnRcib4nhh0OaRAV+Yts87kKdq0PP7pXfy6kDkUVs=
github.com/stretchr/testify v1.5.1/go.mod h1:5W2xD1RspED5o8YsWQXVCued0rvSQ+mT+I5cxcmMvtA=
github.com/turutcrane/cefingo v0.2.2 h1:AFM0baNkGynnu81ozBgSAaR53XvkmsplKbd2Sr4GPMo=
github.com/turutcrane/cefingo v0.2.2/go.mod h1:iRD3BoVTAKHILciZzix1dGD9YbxKv98FoQ0wi5FB3Fc=
github.com/turutcrane/cefingo v0.2.4 h1:nwGpHCbQftfY/XmGRdZH2m5Hu0PmbK44mKCzniyO+Hc=
github.com/turutcrane/cefingo v0.2.4/go.mod h1:iRD3BoVTAKHILciZzix1dGD9YbxKv98FoQ0wi5FB3Fc=
github.com/turutcrane/cefingo v0.2.5 h1:07jCkATQR691Gwai++BwZWj33FppiDElth1vDzQX41U=
github.com/turutcrane/cefingo v0.2.5/go.mod h1:iRD3BoVTAKHILciZzix1dGD9YbxKv98FoQ0wi5FB3Fc=
github.com/turutcrane/cefingo v0.2.6 h1:mju+jAAiYIM58tkRtj6I99EFWbtnFbQ0//B2biFn8f4=
github.com/turutcrane/cefingo v0.2.6/go.mod h1:iRD3BoVTAKHILciZzix1dGD9YbxKv98FoQ0wi5FB3Fc=
github.com/turutcrane/cefingo v0.2.7 h1:aSM3x3OiavEBiDCIfFhbXuoWEIBGy4TQqiZqtS+UB9c=
github.com/turutcrane/cefingo v0.2.7/go.mod h1:iRD3BoVTAKHILciZzix1dGD9YbxKv98FoQ0wi5FB3Fc=
github.com/turutcrane/cefingo v0.2.8 h1:S88Ety0ANgzAw0aPSdcWHjLt7vjBHzRNnFFb47H+8so=
github.com/turutcrane/cefingo v0.2.8/go.mod h1:KHXyMksIMFucJWWZ2dyUnLdLJRWs8StK+vUJ0vKJdkc=
github.com/turutcrane/cefingo v0.2.9 h1:bGJhp1f+cxKy6yqoUN6c6+NmD4AHMhbYnNMlfgKpLa0=
github.com/turutcrane/cefingo v0.2.9/go.mod h1:KHXyMksIMFucJWWZ2dyUnLdLJRWs8StK+vUJ0vKJdkc=
github.com/turutcrane/cefingo v0.2.10 h1:2ZRG/jqrPOE++AaryCYipAxDTV0UYUZvBAnj6Ie6Y0k=
github.com/turutcrane/cefingo v0.2.10/go.mod h1:KHXyMksIMFucJWWZ2dyUnLdLJRWs8StK+vUJ0vKJdkc=
github.com/turutcrane/cefingo v0.2.11 h1:zB6k7/H6XedA6iRYMu45KuMmdjwX4z4L2sFIQodp3jc=
github.com/turutcrane/cefingo v0.2.11/go.mod h1:4znJfyqRhYnauvO3s76XhPpsxTRAs3QneqljwseBjHU=
github.com/turutcrane/cefingo v0.2.12 h1:S8jfcCjisJ0mrt9BOYF7fOc4AKbcZb+mbtZTIt5xoxk=
github.com/turutcrane/cefingo v0.2.12/go.mod h1:v06TccfaKKReFWKkat13yV/LyL4rugEDKelHhhnez8E=
github.com/turutcrane/cefingo v0.3.0 h1:2vsjEOcx+J8EHzLxMdQJj0ear+ALWZlCRvUr4FOTgzw=
github.com/turutcrane/cefingo v0.3.0/go.mod h1:v06TccfaKKReFWKkat13yV/LyL4rugEDKelHhhnez8E=
github.com/turutcrane/cefingo v0.3.1 h1:pie++yKOPmWzMhMOjy2cwGZoXe+4xumI/wawcSv5w0M=
github.com/turutcrane/cefingo v0.3.1/go.mod h1:v06TccfaKKReFWKkat13yV/LyL4rugEDKelHhhnez8E=
github.com/turutcrane/cefingo v0.3.2 h1:4V41AsuTRoDxZwxHGcCDKBJRA8E2PvtU+tO2Yj7qNhQ=
github.com/turutcrane/cefingo v0.3.2/go.mod h1:v06TccfaKKReFWKkat13yV/LyL4rugEDKelHhhnez8E=
github.com/turutcrane/cefingo v0.3.3 h1:dAI8RY22n5++Rz7QRzozdSxzKeVolQLL9E4EDLIOMmI=
github.com/turutcrane/cefingo v0.3.3/go.mod h1:v06TccfaKKReFWKkat13yV/LyL4rugEDKelHhhnez8E=
github.com/turutcrane/cefingo v0.3.4 h1:/l4vErgnNAMp2GeC79dbW0orVbm5NAd3AOLm6H9pgYo=
github.com/turutcrane/cefingo v0.3.4/go.mod h1:v06TccfaKKReFWKkat13yV/LyL4rugEDKelHhhnez8E=
github.com/turutcrane/cefingo v0.3.5 h1:1p2YWs+xLyg0I6Op6u58CBAtt8F1zkPC543CqOj3vSs=
github.com/turutcrane/cefingo v0.3.5/go.mod h1:v06TccfaKKReFWKkat13yV/LyL4rugEDKelHhhnez8E=
github.com/turutcrane/win32api v0.0.0-20200525130019-e8ae9093fffa h1:bnVpLtemOyEdF8ai5xTS41fK6S7QQlQDlbdu9txo3Kw=
github.com/turutcrane/win32api v0.0.0-20200525130019-e8ae9093fffa/go.mod h1:BeL/w3MUv2nKqI55DOZU8GJtdoOhn/H9IquPqmkjegA=
github.com/turutcrane/win32api v0.0.0-20200605141717-ae9b42fc16f4 h1:GMt+APrkA6eu3EBCydaO8+DMRWNvvj/sFWjvv8z/JXI=
github.com/turutcrane/win32api v0.0.0-20200605141717-ae9b42fc16f4/go.mod h1:F/liWnAzrVX/ZM7aVrxhV5Ox2FSPt8if7oK6yjr6e48=
github.com/turutcrane/win32api v0.0.0-20200812041137-994c86949a37 h1:e6spPsaG08Jzg21GqZqA9/CU0EuAGW0X61GZN571b9c=
github.com/turutcrane/win32api v0.0.0-20200812041137-994c86949a37/go.mod h1:0M5CGcICREX8XFggo8rfqtqaScbCghwJuGIldKFTpUk=
github.com/valyala/bytebufferpool v1.0.0 h1:GqA5TC/0021Y/b9FG4Oi9Mr3q7XYx6KllzawFIhcdPw=
github.com/valyala/bytebufferpool v1.0.0/go.mod h1:6bBcMArwyJ5K/AmCkWv1jt77kVWyCJ6HpOuEn7z0Csc=
github.com/valyala/fasthttp v1.2.0/go.mod h1:4vX61m6KN+xDduDNwXrhIAVZaZaZiQ1luJk8LWSxF3s=
github.com/valyala/quicktemplate v1.4.1/go.mod h1:EH+4AkTd43SvgIbQHYu59/cJyxDoOVRUAfrukLPuGJ4=
github.com/valyala/tcplisten v0.0.0-20161114210144-ceec8f93295a/go.mod h1:v3UYOV9WzVtRmSR+PDvWpU/qWl4Wa5LApYYX4ZtKbio=
github.com/vincent-petithory/dataurl v0.0.0-20191104211930-d1553a71de50 h1:uxE3GYdXIOfhMv3unJKETJEhw78gvzuQqRX/rVirc2A=
github.com/vincent-petithory/dataurl v0.0.0-20191104211930-d1553a71de50/go.mod h1:FHafX5vmDzyP+1CQATJn7WFKc9CvnvxyvZy6I1MrG/U=
github.com/yuin/goldmark v1.1.27/go.mod h1:3hX8gzYuyVAZsxl0MRgGTJEmQBFcNTphYh9decYSb74=
goji.io v2.0.2+incompatible h1:uIssv/elbKRLznFUy3Xj4+2Mz/qKhek/9aZQDUMae7c=
goji.io v2.0.2+incompatible/go.mod h1:sbqFwrtqZACxLBTQcdgVjFh54yGVCvwq8+w49MVMMIk=
golang.org/x/crypto v0.0.0-20190308221718-c2843e01d9a2/go.mod h1:djNgcEr1/C05ACkg1iLfiJU5Ep61QUkGW8qpdssI0+w=
golang.org/x/crypto v0.0.0-20191011191535-87dc89f01550/go.mod h1:yigFU9vqHzYiE8UmvKecakEJjdnWj3jj499lnFckfCI=
golang.org/x/mod v0.1.1-0.20191105210325-c90efee705ee/go.mod h1:QqPTAvyqsEbceGzBzNggFXnrqF1CaUcvgkdR5Ot7KZg=
golang.org/x/mod v0.2.0/go.mod h1:s0Qsj1ACt9ePp/hMypM3fl4fZqREWJwdYDEqhRiZZUA=
golang.org/x/net v0.0.0-20180911220305-26e67e76b6c3/go.mod h1:mL1N/T3taQHkDXs73rZJwtUhF3w3ftmwwsq0BUmARs4=
golang.org/x/net v0.0.0-20190404232315-eb5bcb51f2a3/go.mod h1:t9HGtf8HONx5eT2rtn7q6eTqICYqUVnKs3thJo3Qplg=
golang.org/x/net v0.0.0-20190620200207-3b0461eec859/go.mod h1:z5CRVTTTmAJ677TzLLGU+0bjPO0LkuOLi4/5GtJWs/s=
golang.org/x/net v0.0.0-20200226121028-0de0cce0169b/go.mod h1:z5CRVTTTmAJ677TzLLGU+0bjPO0LkuOLi4/5GtJWs/s=
golang.org/x/sync v0.0.0-20190423024810-112230192c58/go.mod h1:RxMgew5VJxzue5/jJTE5uejpjVlOe/izrB70Jof72aM=
golang.org/x/sync v0.0.0-20190911185100-cd5d95a43a6e/go.mod h1:RxMgew5VJxzue5/jJTE5uejpjVlOe/izrB70Jof72aM=
golang.org/x/sys v0.0.0-20190215142949-d0b11bdaac8a/go.mod h1:STP8DvDyc/dI5b8T5hshtkjS+E42TnysNCUPdjciGhY=
golang.org/x/sys v0.0.0-20190412213103-97732733099d/go.mod h1:h1NjWce9XRLGQEsW7wpKNCjG9DtNlClVuFLEZdDNbEs=
golang.org/x/sys v0.0.0-20200515095857-1151b9dac4a9 h1:YTzHMGlqJu67/uEo1lBv0n3wBXhXNeUbB1XfN2vmTm0=
golang.org/x/sys v0.0.0-20200515095857-1151b9dac4a9/go.mod h1:h1NjWce9XRLGQEsW7wpKNCjG9DtNlClVuFLEZdDNbEs=
golang.org/x/sys v0.0.0-20200523222454-059865788121 h1:rITEj+UZHYC927n8GT97eC3zrpzXdb/voyeOuVKS46o=
golang.org/x/sys v0.0.0-20200523222454-059865788121/go.mod h1:h1NjWce9XRLGQEsW7wpKNCjG9DtNlClVuFLEZdDNbEs=
golang.org/x/text v0.3.0/go.mod h1:NqM8EUOU14njkJ3fqMW+pc6Ldnwhi/IjpwHt7yyuwOQ=
golang.org/x/tools v0.0.0-20191119224855-298f0cb1881e/go.mod h1:b+2E5dAYhXwXZwtnZ6UAqBI28+e2cm9otk0dWdXHAEo=
golang.org/x/tools v0.0.0-20200207112602-59bd84bb0c52/go.mod h1:TB2adYChydJhpapKDTa4BR/hXlZSLoq2Wpct/0txZ28=
golang.org/x/tools v0.0.0-20200526224456-8b020aee10d2/go.mod h1:EkVYQZoAsY45+roYkvgYkIh4xh/qjgUK9TdY2XT94GE=
golang.org/x/tools v0.0.0-20200612220849-54c614fe050c/go.mod h1:EkVYQZoAsY45+roYkvgYkIh4xh/qjgUK9TdY2XT94GE=
golang.org/x/xerrors v0.0.0-20190717185122-a985d3407aa7/go.mod h1:I/5z698sn9Ka8TeJc9MKroUUfqBBauWjQqLJ2OPfmY0=
golang.org/x/xerrors v0.0.0-20191011141410-1b5146add898/go.mod h1:I/5z698sn9Ka8TeJc9MKroUUfqBBauWjQqLJ2OPfmY0=
golang.org/x/xerrors v0.0.0-20191204190536-9bdfabe68543/go.mod h1:I/5z698sn9Ka8TeJc9MKroUUfqBBauWjQqLJ2OPfmY0=
gopkg.in/check.v1 v0.0.0-20161208181325-20d25e280405/go.mod h1:Co6ibVJAznAaIkqp8huTwlJQCZ016jof/cbN4VW5Yz0=
gopkg.in/yaml.v2 v2.2.2/go.mod h1:hI93XBmqTisBFMUTm0b8Fm+jr3Dg1NNxqwp+5A1VGuI=
modernc.org/cc v1.0.0/go.mod h1:1Sk4//wdnYJiUIxnW8ddKpaOJCF37yAdqYnkxUpaYxw=
modernc.org/golex v1.0.0/go.mod h1:b/QX9oBD/LhixY6NDh+IdGv17hgB+51fET1i2kPSmvk=
modernc.org/mathutil v1.0.0/go.mod h1:wU0vUrJsVWBZ4P6e7xtFJEhFSNsfRLJ8H458uRjg03k=
modernc.org/mathutil v1.1.1/go.mod h1:mZW8CKdRPY1v87qxC/wUdX5O1qDzXMP5TH3wjfpga6E=
modernc.org/strutil v1.0.0/go.mod h1:lstksw84oURvj9y3tn8lGvRxyRC1S2+g5uuIzNfIOBs=
modernc.org/strutil v1.1.0/go.mod h1:lstksw84oURvj9y3tn8lGvRxyRC1S2+g5uuIzNfIOBs=
modernc.org/xc v1.0.0/go.mod h1:mRNCo0bvLjGhHO9WsyuKVU4q0ceiDDDoEeWDJHrNx8I=
